// !$*UTF8*$!
{
	archiveVersion = 1;
	classes = {
	};
	objectVersion = 50;
	objects = {

/* Begin PBXBuildFile section */
		20577AFA21A11015008B59C7 /* AppDelegate.swift in Sources */ = {isa = PBXBuildFile; fileRef = 20577AF921A11015008B59C7 /* AppDelegate.swift */; };
		20577AFC21A11015008B59C7 /* ViewController.swift in Sources */ = {isa = PBXBuildFile; fileRef = 20577AFB21A11015008B59C7 /* ViewController.swift */; };
		20577AFF21A11015008B59C7 /* Main.storyboard in Resources */ = {isa = PBXBuildFile; fileRef = 20577AFD21A11015008B59C7 /* Main.storyboard */; };
		20577B0121A11016008B59C7 /* Assets.xcassets in Resources */ = {isa = PBXBuildFile; fileRef = 20577B0021A11016008B59C7 /* Assets.xcassets */; };
		20577B0421A11016008B59C7 /* LaunchScreen.storyboard in Resources */ = {isa = PBXBuildFile; fileRef = 20577B0221A11016008B59C7 /* LaunchScreen.storyboard */; };
		20577B0921A11017008B59C7 /* TennisScore WatchKit App.app in Embed Watch Content */ = {isa = PBXBuildFile; fileRef = 20577B0821A11017008B59C7 /* TennisScore WatchKit App.app */; };
		20577B0F21A11017008B59C7 /* Interface.storyboard in Resources */ = {isa = PBXBuildFile; fileRef = 20577B0D21A11017008B59C7 /* Interface.storyboard */; };
		20577B1121A11017008B59C7 /* Assets.xcassets in Resources */ = {isa = PBXBuildFile; fileRef = 20577B1021A11017008B59C7 /* Assets.xcassets */; };
		20577B1821A11017008B59C7 /* TennisScore WatchKit Extension.appex in Embed App Extensions */ = {isa = PBXBuildFile; fileRef = 20577B1721A11017008B59C7 /* TennisScore WatchKit Extension.appex */; settings = {ATTRIBUTES = (RemoveHeadersOnCopy, ); }; };
		20577B1D21A11017008B59C7 /* InterfaceController.swift in Sources */ = {isa = PBXBuildFile; fileRef = 20577B1C21A11017008B59C7 /* InterfaceController.swift */; };
		20577B1F21A11017008B59C7 /* ExtensionDelegate.swift in Sources */ = {isa = PBXBuildFile; fileRef = 20577B1E21A11017008B59C7 /* ExtensionDelegate.swift */; };
		20577B2121A11018008B59C7 /* Assets.xcassets in Resources */ = {isa = PBXBuildFile; fileRef = 20577B2021A11018008B59C7 /* Assets.xcassets */; };
		20577B3121A1EAC9008B59C7 /* SettingsInterfaceController.swift in Sources */ = {isa = PBXBuildFile; fileRef = 20577B3021A1EAC9008B59C7 /* SettingsInterfaceController.swift */; };
		20B20C7F21A4EB3100CB9A47 /* ModalInterfaceController.swift in Sources */ = {isa = PBXBuildFile; fileRef = 20B20C7E21A4EB3100CB9A47 /* ModalInterfaceController.swift */; };
/* End PBXBuildFile section */

/* Begin PBXContainerItemProxy section */
		20577B0A21A11017008B59C7 /* PBXContainerItemProxy */ = {
			isa = PBXContainerItemProxy;
			containerPortal = 20577AEE21A11015008B59C7 /* Project object */;
			proxyType = 1;
			remoteGlobalIDString = 20577B0721A11017008B59C7;
			remoteInfo = "TennisScore WatchKit App";
		};
		20577B1921A11017008B59C7 /* PBXContainerItemProxy */ = {
			isa = PBXContainerItemProxy;
			containerPortal = 20577AEE21A11015008B59C7 /* Project object */;
			proxyType = 1;
			remoteGlobalIDString = 20577B1621A11017008B59C7;
			remoteInfo = "TennisScore WatchKit Extension";
		};
/* End PBXContainerItemProxy section */

/* Begin PBXCopyFilesBuildPhase section */
		20577B2821A11018008B59C7 /* Embed App Extensions */ = {
			isa = PBXCopyFilesBuildPhase;
			buildActionMask = 2147483647;
			dstPath = "";
			dstSubfolderSpec = 13;
			files = (
				20577B1821A11017008B59C7 /* TennisScore WatchKit Extension.appex in Embed App Extensions */,
			);
			name = "Embed App Extensions";
			runOnlyForDeploymentPostprocessing = 0;
		};
		20577B2C21A11018008B59C7 /* Embed Watch Content */ = {
			isa = PBXCopyFilesBuildPhase;
			buildActionMask = 2147483647;
			dstPath = "$(CONTENTS_FOLDER_PATH)/Watch";
			dstSubfolderSpec = 16;
			files = (
				20577B0921A11017008B59C7 /* TennisScore WatchKit App.app in Embed Watch Content */,
			);
			name = "Embed Watch Content";
			runOnlyForDeploymentPostprocessing = 0;
		};
/* End PBXCopyFilesBuildPhase section */

/* Begin PBXFileReference section */
		20577AF621A11015008B59C7 /* TennisScore.app */ = {isa = PBXFileReference; explicitFileType = wrapper.application; includeInIndex = 0; path = TennisScore.app; sourceTree = BUILT_PRODUCTS_DIR; };
		20577AF921A11015008B59C7 /* AppDelegate.swift */ = {isa = PBXFileReference; lastKnownFileType = sourcecode.swift; path = AppDelegate.swift; sourceTree = "<group>"; };
		20577AFB21A11015008B59C7 /* ViewController.swift */ = {isa = PBXFileReference; lastKnownFileType = sourcecode.swift; path = ViewController.swift; sourceTree = "<group>"; };
		20577AFE21A11015008B59C7 /* Base */ = {isa = PBXFileReference; lastKnownFileType = file.storyboard; name = Base; path = Base.lproj/Main.storyboard; sourceTree = "<group>"; };
		20577B0021A11016008B59C7 /* Assets.xcassets */ = {isa = PBXFileReference; lastKnownFileType = folder.assetcatalog; path = Assets.xcassets; sourceTree = "<group>"; };
		20577B0321A11016008B59C7 /* Base */ = {isa = PBXFileReference; lastKnownFileType = file.storyboard; name = Base; path = Base.lproj/LaunchScreen.storyboard; sourceTree = "<group>"; };
		20577B0521A11016008B59C7 /* Info.plist */ = {isa = PBXFileReference; lastKnownFileType = text.plist.xml; path = Info.plist; sourceTree = "<group>"; };
		20577B0821A11017008B59C7 /* TennisScore WatchKit App.app */ = {isa = PBXFileReference; explicitFileType = wrapper.application; includeInIndex = 0; path = "TennisScore WatchKit App.app"; sourceTree = BUILT_PRODUCTS_DIR; };
		20577B0E21A11017008B59C7 /* Base */ = {isa = PBXFileReference; lastKnownFileType = file.storyboard; name = Base; path = Base.lproj/Interface.storyboard; sourceTree = "<group>"; };
		20577B1021A11017008B59C7 /* Assets.xcassets */ = {isa = PBXFileReference; lastKnownFileType = folder.assetcatalog; path = Assets.xcassets; sourceTree = "<group>"; };
		20577B1221A11017008B59C7 /* Info.plist */ = {isa = PBXFileReference; lastKnownFileType = text.plist.xml; path = Info.plist; sourceTree = "<group>"; };
		20577B1721A11017008B59C7 /* TennisScore WatchKit Extension.appex */ = {isa = PBXFileReference; explicitFileType = "wrapper.app-extension"; includeInIndex = 0; path = "TennisScore WatchKit Extension.appex"; sourceTree = BUILT_PRODUCTS_DIR; };
		20577B1C21A11017008B59C7 /* InterfaceController.swift */ = {isa = PBXFileReference; lastKnownFileType = sourcecode.swift; path = InterfaceController.swift; sourceTree = "<group>"; };
		20577B1E21A11017008B59C7 /* ExtensionDelegate.swift */ = {isa = PBXFileReference; lastKnownFileType = sourcecode.swift; path = ExtensionDelegate.swift; sourceTree = "<group>"; };
		20577B2021A11018008B59C7 /* Assets.xcassets */ = {isa = PBXFileReference; lastKnownFileType = folder.assetcatalog; path = Assets.xcassets; sourceTree = "<group>"; };
		20577B2221A11018008B59C7 /* Info.plist */ = {isa = PBXFileReference; lastKnownFileType = text.plist.xml; path = Info.plist; sourceTree = "<group>"; };
		20577B3021A1EAC9008B59C7 /* SettingsInterfaceController.swift */ = {isa = PBXFileReference; lastKnownFileType = sourcecode.swift; path = SettingsInterfaceController.swift; sourceTree = "<group>"; };
		20B20C7E21A4EB3100CB9A47 /* ModalInterfaceController.swift */ = {isa = PBXFileReference; lastKnownFileType = sourcecode.swift; path = ModalInterfaceController.swift; sourceTree = "<group>"; };
/* End PBXFileReference section */

/* Begin PBXFrameworksBuildPhase section */
		20577AF321A11015008B59C7 /* Frameworks */ = {
			isa = PBXFrameworksBuildPhase;
			buildActionMask = 2147483647;
			files = (
			);
			runOnlyForDeploymentPostprocessing = 0;
		};
		20577B1421A11017008B59C7 /* Frameworks */ = {
			isa = PBXFrameworksBuildPhase;
			buildActionMask = 2147483647;
			files = (
			);
			runOnlyForDeploymentPostprocessing = 0;
		};
/* End PBXFrameworksBuildPhase section */

/* Begin PBXGroup section */
		20577AED21A11015008B59C7 = {
			isa = PBXGroup;
			children = (
				20577AF821A11015008B59C7 /* TennisScore */,
				20577B0C21A11017008B59C7 /* TennisScore WatchKit App */,
				20577B1B21A11017008B59C7 /* TennisScore WatchKit Extension */,
				20577AF721A11015008B59C7 /* Products */,
			);
			sourceTree = "<group>";
		};
		20577AF721A11015008B59C7 /* Products */ = {
			isa = PBXGroup;
			children = (
				20577AF621A11015008B59C7 /* TennisScore.app */,
				20577B0821A11017008B59C7 /* TennisScore WatchKit App.app */,
				20577B1721A11017008B59C7 /* TennisScore WatchKit Extension.appex */,
			);
			name = Products;
			sourceTree = "<group>";
		};
		20577AF821A11015008B59C7 /* TennisScore */ = {
			isa = PBXGroup;
			children = (
				20577AF921A11015008B59C7 /* AppDelegate.swift */,
				20577AFB21A11015008B59C7 /* ViewController.swift */,
				20577AFD21A11015008B59C7 /* Main.storyboard */,
				20577B0021A11016008B59C7 /* Assets.xcassets */,
				20577B0221A11016008B59C7 /* LaunchScreen.storyboard */,
				20577B0521A11016008B59C7 /* Info.plist */,
			);
			path = TennisScore;
			sourceTree = "<group>";
		};
		20577B0C21A11017008B59C7 /* TennisScore WatchKit App */ = {
			isa = PBXGroup;
			children = (
				20577B0D21A11017008B59C7 /* Interface.storyboard */,
				20577B1021A11017008B59C7 /* Assets.xcassets */,
				20577B1221A11017008B59C7 /* Info.plist */,
			);
			path = "TennisScore WatchKit App";
			sourceTree = "<group>";
		};
		20577B1B21A11017008B59C7 /* TennisScore WatchKit Extension */ = {
			isa = PBXGroup;
			children = (
				20B20C7E21A4EB3100CB9A47 /* ModalInterfaceController.swift */,
				20577B3021A1EAC9008B59C7 /* SettingsInterfaceController.swift */,
				20577B1C21A11017008B59C7 /* InterfaceController.swift */,
				20577B1E21A11017008B59C7 /* ExtensionDelegate.swift */,
				20577B2021A11018008B59C7 /* Assets.xcassets */,
				20577B2221A11018008B59C7 /* Info.plist */,
			);
			path = "TennisScore WatchKit Extension";
			sourceTree = "<group>";
		};
/* End PBXGroup section */

/* Begin PBXNativeTarget section */
		20577AF521A11015008B59C7 /* TennisScore */ = {
			isa = PBXNativeTarget;
			buildConfigurationList = 20577B2D21A11018008B59C7 /* Build configuration list for PBXNativeTarget "TennisScore" */;
			buildPhases = (
				20577AF221A11015008B59C7 /* Sources */,
				20577AF321A11015008B59C7 /* Frameworks */,
				20577AF421A11015008B59C7 /* Resources */,
				20577B2C21A11018008B59C7 /* Embed Watch Content */,
			);
			buildRules = (
			);
			dependencies = (
				20577B0B21A11017008B59C7 /* PBXTargetDependency */,
			);
			name = TennisScore;
			productName = TennisScore;
			productReference = 20577AF621A11015008B59C7 /* TennisScore.app */;
			productType = "com.apple.product-type.application";
		};
		20577B0721A11017008B59C7 /* TennisScore WatchKit App */ = {
			isa = PBXNativeTarget;
			buildConfigurationList = 20577B2921A11018008B59C7 /* Build configuration list for PBXNativeTarget "TennisScore WatchKit App" */;
			buildPhases = (
				20577B0621A11017008B59C7 /* Resources */,
				20577B2821A11018008B59C7 /* Embed App Extensions */,
			);
			buildRules = (
			);
			dependencies = (
				20577B1A21A11017008B59C7 /* PBXTargetDependency */,
			);
			name = "TennisScore WatchKit App";
			productName = "TennisScore WatchKit App";
			productReference = 20577B0821A11017008B59C7 /* TennisScore WatchKit App.app */;
			productType = "com.apple.product-type.application.watchapp2";
		};
		20577B1621A11017008B59C7 /* TennisScore WatchKit Extension */ = {
			isa = PBXNativeTarget;
			buildConfigurationList = 20577B2521A11018008B59C7 /* Build configuration list for PBXNativeTarget "TennisScore WatchKit Extension" */;
			buildPhases = (
				20577B1321A11017008B59C7 /* Sources */,
				20577B1421A11017008B59C7 /* Frameworks */,
				20577B1521A11017008B59C7 /* Resources */,
			);
			buildRules = (
			);
			dependencies = (
			);
			name = "TennisScore WatchKit Extension";
			productName = "TennisScore WatchKit Extension";
			productReference = 20577B1721A11017008B59C7 /* TennisScore WatchKit Extension.appex */;
			productType = "com.apple.product-type.watchkit2-extension";
		};
/* End PBXNativeTarget section */

/* Begin PBXProject section */
		20577AEE21A11015008B59C7 /* Project object */ = {
			isa = PBXProject;
			attributes = {
				LastSwiftUpdateCheck = 1010;
				LastUpgradeCheck = 1010;
				ORGANIZATIONNAME = AB;
				TargetAttributes = {
					20577AF521A11015008B59C7 = {
						CreatedOnToolsVersion = 10.1;
					};
					20577B0721A11017008B59C7 = {
						CreatedOnToolsVersion = 10.1;
					};
					20577B1621A11017008B59C7 = {
						CreatedOnToolsVersion = 10.1;
					};
				};
			};
			buildConfigurationList = 20577AF121A11015008B59C7 /* Build configuration list for PBXProject "TennisScore" */;
			compatibilityVersion = "Xcode 9.3";
			developmentRegion = en;
			hasScannedForEncodings = 0;
			knownRegions = (
				en,
				Base,
			);
			mainGroup = 20577AED21A11015008B59C7;
			productRefGroup = 20577AF721A11015008B59C7 /* Products */;
			projectDirPath = "";
			projectRoot = "";
			targets = (
				20577AF521A11015008B59C7 /* TennisScore */,
				20577B0721A11017008B59C7 /* TennisScore WatchKit App */,
				20577B1621A11017008B59C7 /* TennisScore WatchKit Extension */,
			);
		};
/* End PBXProject section */

/* Begin PBXResourcesBuildPhase section */
		20577AF421A11015008B59C7 /* Resources */ = {
			isa = PBXResourcesBuildPhase;
			buildActionMask = 2147483647;
			files = (
				20577B0421A11016008B59C7 /* LaunchScreen.storyboard in Resources */,
				20577B0121A11016008B59C7 /* Assets.xcassets in Resources */,
				20577AFF21A11015008B59C7 /* Main.storyboard in Resources */,
			);
			runOnlyForDeploymentPostprocessing = 0;
		};
		20577B0621A11017008B59C7 /* Resources */ = {
			isa = PBXResourcesBuildPhase;
			buildActionMask = 2147483647;
			files = (
				20577B1121A11017008B59C7 /* Assets.xcassets in Resources */,
				20577B0F21A11017008B59C7 /* Interface.storyboard in Resources */,
			);
			runOnlyForDeploymentPostprocessing = 0;
		};
		20577B1521A11017008B59C7 /* Resources */ = {
			isa = PBXResourcesBuildPhase;
			buildActionMask = 2147483647;
			files = (
				20577B2121A11018008B59C7 /* Assets.xcassets in Resources */,
			);
			runOnlyForDeploymentPostprocessing = 0;
		};
/* End PBXResourcesBuildPhase section */

/* Begin PBXSourcesBuildPhase section */
		20577AF221A11015008B59C7 /* Sources */ = {
			isa = PBXSourcesBuildPhase;
			buildActionMask = 2147483647;
			files = (
				20577AFC21A11015008B59C7 /* ViewController.swift in Sources */,
				20577AFA21A11015008B59C7 /* AppDelegate.swift in Sources */,
			);
			runOnlyForDeploymentPostprocessing = 0;
		};
		20577B1321A11017008B59C7 /* Sources */ = {
			isa = PBXSourcesBuildPhase;
			buildActionMask = 2147483647;
			files = (
				20577B1F21A11017008B59C7 /* ExtensionDelegate.swift in Sources */,
				20577B3121A1EAC9008B59C7 /* SettingsInterfaceController.swift in Sources */,
				20577B1D21A11017008B59C7 /* InterfaceController.swift in Sources */,
				20B20C7F21A4EB3100CB9A47 /* ModalInterfaceController.swift in Sources */,
			);
			runOnlyForDeploymentPostprocessing = 0;
		};
/* End PBXSourcesBuildPhase section */

/* Begin PBXTargetDependency section */
		20577B0B21A11017008B59C7 /* PBXTargetDependency */ = {
			isa = PBXTargetDependency;
			target = 20577B0721A11017008B59C7 /* TennisScore WatchKit App */;
			targetProxy = 20577B0A21A11017008B59C7 /* PBXContainerItemProxy */;
		};
		20577B1A21A11017008B59C7 /* PBXTargetDependency */ = {
			isa = PBXTargetDependency;
			target = 20577B1621A11017008B59C7 /* TennisScore WatchKit Extension */;
			targetProxy = 20577B1921A11017008B59C7 /* PBXContainerItemProxy */;
		};
/* End PBXTargetDependency section */

/* Begin PBXVariantGroup section */
		20577AFD21A11015008B59C7 /* Main.storyboard */ = {
			isa = PBXVariantGroup;
			children = (
				20577AFE21A11015008B59C7 /* Base */,
			);
			name = Main.storyboard;
			sourceTree = "<group>";
		};
		20577B0221A11016008B59C7 /* LaunchScreen.storyboard */ = {
			isa = PBXVariantGroup;
			children = (
				20577B0321A11016008B59C7 /* Base */,
			);
			name = LaunchScreen.storyboard;
			sourceTree = "<group>";
		};
		20577B0D21A11017008B59C7 /* Interface.storyboard */ = {
			isa = PBXVariantGroup;
			children = (
				20577B0E21A11017008B59C7 /* Base */,
			);
			name = Interface.storyboard;
			sourceTree = "<group>";
		};
/* End PBXVariantGroup section */

/* Begin XCBuildConfiguration section */
		20577B2321A11018008B59C7 /* Debug */ = {
			isa = XCBuildConfiguration;
			buildSettings = {
				ALWAYS_SEARCH_USER_PATHS = NO;
				CLANG_ANALYZER_NONNULL = YES;
				CLANG_ANALYZER_NUMBER_OBJECT_CONVERSION = YES_AGGRESSIVE;
				CLANG_CXX_LANGUAGE_STANDARD = "gnu++14";
				CLANG_CXX_LIBRARY = "libc++";
				CLANG_ENABLE_MODULES = YES;
				CLANG_ENABLE_OBJC_ARC = YES;
				CLANG_ENABLE_OBJC_WEAK = YES;
				CLANG_WARN_BLOCK_CAPTURE_AUTORELEASING = YES;
				CLANG_WARN_BOOL_CONVERSION = YES;
				CLANG_WARN_COMMA = YES;
				CLANG_WARN_CONSTANT_CONVERSION = YES;
				CLANG_WARN_DEPRECATED_OBJC_IMPLEMENTATIONS = YES;
				CLANG_WARN_DIRECT_OBJC_ISA_USAGE = YES_ERROR;
				CLANG_WARN_DOCUMENTATION_COMMENTS = YES;
				CLANG_WARN_EMPTY_BODY = YES;
				CLANG_WARN_ENUM_CONVERSION = YES;
				CLANG_WARN_INFINITE_RECURSION = YES;
				CLANG_WARN_INT_CONVERSION = YES;
				CLANG_WARN_NON_LITERAL_NULL_CONVERSION = YES;
				CLANG_WARN_OBJC_IMPLICIT_RETAIN_SELF = YES;
				CLANG_WARN_OBJC_LITERAL_CONVERSION = YES;
				CLANG_WARN_OBJC_ROOT_CLASS = YES_ERROR;
				CLANG_WARN_RANGE_LOOP_ANALYSIS = YES;
				CLANG_WARN_STRICT_PROTOTYPES = YES;
				CLANG_WARN_SUSPICIOUS_MOVE = YES;
				CLANG_WARN_UNGUARDED_AVAILABILITY = YES_AGGRESSIVE;
				CLANG_WARN_UNREACHABLE_CODE = YES;
				CLANG_WARN__DUPLICATE_METHOD_MATCH = YES;
				CODE_SIGN_IDENTITY = "iPhone Developer";
				COPY_PHASE_STRIP = NO;
				DEBUG_INFORMATION_FORMAT = dwarf;
				ENABLE_STRICT_OBJC_MSGSEND = YES;
				ENABLE_TESTABILITY = YES;
				GCC_C_LANGUAGE_STANDARD = gnu11;
				GCC_DYNAMIC_NO_PIC = NO;
				GCC_NO_COMMON_BLOCKS = YES;
				GCC_OPTIMIZATION_LEVEL = 0;
				GCC_PREPROCESSOR_DEFINITIONS = (
					"DEBUG=1",
					"$(inherited)",
				);
				GCC_WARN_64_TO_32_BIT_CONVERSION = YES;
				GCC_WARN_ABOUT_RETURN_TYPE = YES_ERROR;
				GCC_WARN_UNDECLARED_SELECTOR = YES;
				GCC_WARN_UNINITIALIZED_AUTOS = YES_AGGRESSIVE;
				GCC_WARN_UNUSED_FUNCTION = YES;
				GCC_WARN_UNUSED_VARIABLE = YES;
				IPHONEOS_DEPLOYMENT_TARGET = 12.1;
				MTL_ENABLE_DEBUG_INFO = INCLUDE_SOURCE;
				MTL_FAST_MATH = YES;
				ONLY_ACTIVE_ARCH = YES;
				SDKROOT = iphoneos;
				SWIFT_ACTIVE_COMPILATION_CONDITIONS = DEBUG;
				SWIFT_OPTIMIZATION_LEVEL = "-Onone";
			};
			name = Debug;
		};
		20577B2421A11018008B59C7 /* Release */ = {
			isa = XCBuildConfiguration;
			buildSettings = {
				ALWAYS_SEARCH_USER_PATHS = NO;
				CLANG_ANALYZER_NONNULL = YES;
				CLANG_ANALYZER_NUMBER_OBJECT_CONVERSION = YES_AGGRESSIVE;
				CLANG_CXX_LANGUAGE_STANDARD = "gnu++14";
				CLANG_CXX_LIBRARY = "libc++";
				CLANG_ENABLE_MODULES = YES;
				CLANG_ENABLE_OBJC_ARC = YES;
				CLANG_ENABLE_OBJC_WEAK = YES;
				CLANG_WARN_BLOCK_CAPTURE_AUTORELEASING = YES;
				CLANG_WARN_BOOL_CONVERSION = YES;
				CLANG_WARN_COMMA = YES;
				CLANG_WARN_CONSTANT_CONVERSION = YES;
				CLANG_WARN_DEPRECATED_OBJC_IMPLEMENTATIONS = YES;
				CLANG_WARN_DIRECT_OBJC_ISA_USAGE = YES_ERROR;
				CLANG_WARN_DOCUMENTATION_COMMENTS = YES;
				CLANG_WARN_EMPTY_BODY = YES;
				CLANG_WARN_ENUM_CONVERSION = YES;
				CLANG_WARN_INFINITE_RECURSION = YES;
				CLANG_WARN_INT_CONVERSION = YES;
				CLANG_WARN_NON_LITERAL_NULL_CONVERSION = YES;
				CLANG_WARN_OBJC_IMPLICIT_RETAIN_SELF = YES;
				CLANG_WARN_OBJC_LITERAL_CONVERSION = YES;
				CLANG_WARN_OBJC_ROOT_CLASS = YES_ERROR;
				CLANG_WARN_RANGE_LOOP_ANALYSIS = YES;
				CLANG_WARN_STRICT_PROTOTYPES = YES;
				CLANG_WARN_SUSPICIOUS_MOVE = YES;
				CLANG_WARN_UNGUARDED_AVAILABILITY = YES_AGGRESSIVE;
				CLANG_WARN_UNREACHABLE_CODE = YES;
				CLANG_WARN__DUPLICATE_METHOD_MATCH = YES;
				CODE_SIGN_IDENTITY = "iPhone Developer";
				COPY_PHASE_STRIP = NO;
				DEBUG_INFORMATION_FORMAT = "dwarf-with-dsym";
				ENABLE_NS_ASSERTIONS = NO;
				ENABLE_STRICT_OBJC_MSGSEND = YES;
				GCC_C_LANGUAGE_STANDARD = gnu11;
				GCC_NO_COMMON_BLOCKS = YES;
				GCC_WARN_64_TO_32_BIT_CONVERSION = YES;
				GCC_WARN_ABOUT_RETURN_TYPE = YES_ERROR;
				GCC_WARN_UNDECLARED_SELECTOR = YES;
				GCC_WARN_UNINITIALIZED_AUTOS = YES_AGGRESSIVE;
				GCC_WARN_UNUSED_FUNCTION = YES;
				GCC_WARN_UNUSED_VARIABLE = YES;
				IPHONEOS_DEPLOYMENT_TARGET = 12.1;
				MTL_ENABLE_DEBUG_INFO = NO;
				MTL_FAST_MATH = YES;
				SDKROOT = iphoneos;
				SWIFT_COMPILATION_MODE = wholemodule;
				SWIFT_OPTIMIZATION_LEVEL = "-O";
				VALIDATE_PRODUCT = YES;
			};
			name = Release;
		};
		20577B2621A11018008B59C7 /* Debug */ = {
			isa = XCBuildConfiguration;
			buildSettings = {
				ASSETCATALOG_COMPILER_COMPLICATION_NAME = Complication;
				CODE_SIGN_STYLE = Automatic;
				DEVELOPMENT_TEAM = BJ84Q3WPHT;
				INFOPLIST_FILE = "TennisScore WatchKit Extension/Info.plist";
				LD_RUNPATH_SEARCH_PATHS = (
					"$(inherited)",
					"@executable_path/Frameworks",
					"@executable_path/../../Frameworks",
				);
				PRODUCT_BUNDLE_IDENTIFIER = com.ab.TennisScore.watchkitapp.watchkitextension;
				PRODUCT_NAME = "${TARGET_NAME}";
				SDKROOT = watchos;
				SKIP_INSTALL = YES;
				SWIFT_VERSION = 4.2;
				TARGETED_DEVICE_FAMILY = 4;
				WATCHOS_DEPLOYMENT_TARGET = 5.0;
			};
			name = Debug;
		};
		20577B2721A11018008B59C7 /* Release */ = {
			isa = XCBuildConfiguration;
			buildSettings = {
				ASSETCATALOG_COMPILER_COMPLICATION_NAME = Complication;
				CODE_SIGN_STYLE = Automatic;
				DEVELOPMENT_TEAM = BJ84Q3WPHT;
				INFOPLIST_FILE = "TennisScore WatchKit Extension/Info.plist";
				LD_RUNPATH_SEARCH_PATHS = (
					"$(inherited)",
					"@executable_path/Frameworks",
					"@executable_path/../../Frameworks",
				);
				PRODUCT_BUNDLE_IDENTIFIER = com.ab.TennisScore.watchkitapp.watchkitextension;
				PRODUCT_NAME = "${TARGET_NAME}";
				SDKROOT = watchos;
				SKIP_INSTALL = YES;
				SWIFT_VERSION = 4.2;
				TARGETED_DEVICE_FAMILY = 4;
				WATCHOS_DEPLOYMENT_TARGET = 5.0;
			};
			name = Release;
		};
		20577B2A21A11018008B59C7 /* Debug */ = {
			isa = XCBuildConfiguration;
			buildSettings = {
				ALWAYS_EMBED_SWIFT_STANDARD_LIBRARIES = YES;
				ASSETCATALOG_COMPILER_APPICON_NAME = AppIcon;
				CODE_SIGN_STYLE = Automatic;
				DEVELOPMENT_TEAM = BJ84Q3WPHT;
				IBSC_MODULE = TennisScore_WatchKit_Extension;
				INFOPLIST_FILE = "TennisScore WatchKit App/Info.plist";
				PRODUCT_BUNDLE_IDENTIFIER = com.ab.TennisScore.watchkitapp;
				PRODUCT_NAME = "$(TARGET_NAME)";
				SDKROOT = watchos;
				SKIP_INSTALL = YES;
				SWIFT_VERSION = 4.2;
				TARGETED_DEVICE_FAMILY = 4;
				WATCHOS_DEPLOYMENT_TARGET = 5.0;
			};
			name = Debug;
		};
		20577B2B21A11018008B59C7 /* Release */ = {
			isa = XCBuildConfiguration;
			buildSettings = {
				ALWAYS_EMBED_SWIFT_STANDARD_LIBRARIES = YES;
				ASSETCATALOG_COMPILER_APPICON_NAME = AppIcon;
				CODE_SIGN_STYLE = Automatic;
				DEVELOPMENT_TEAM = BJ84Q3WPHT;
				IBSC_MODULE = TennisScore_WatchKit_Extension;
				INFOPLIST_FILE = "TennisScore WatchKit App/Info.plist";
				PRODUCT_BUNDLE_IDENTIFIER = com.ab.TennisScore.watchkitapp;
				PRODUCT_NAME = "$(TARGET_NAME)";
				SDKROOT = watchos;
				SKIP_INSTALL = YES;
				SWIFT_VERSION = 4.2;
				TARGETED_DEVICE_FAMILY = 4;
				WATCHOS_DEPLOYMENT_TARGET = 5.0;
			};
			name = Release;
		};
		20577B2E21A11018008B59C7 /* Debug */ = {
			isa = XCBuildConfiguration;
			buildSettings = {
				ASSETCATALOG_COMPILER_APPICON_NAME = AppIcon;
				CODE_SIGN_STYLE = Automatic;
				DEVELOPMENT_TEAM = BJ84Q3WPHT;
				INFOPLIST_FILE = TennisScore/Info.plist;
				LD_RUNPATH_SEARCH_PATHS = (
					"$(inherited)",
					"@executable_path/Frameworks",
				);
				PRODUCT_BUNDLE_IDENTIFIER = com.ab.TennisScore;
				PRODUCT_NAME = "$(TARGET_NAME)";
				SWIFT_VERSION = 4.2;
				TARGETED_DEVICE_FAMILY = 1;
			};
			name = Debug;
		};
		20577B2F21A11018008B59C7 /* Release */ = {
			isa = XCBuildConfiguration;
			buildSettings = {
				ASSETCATALOG_COMPILER_APPICON_NAME = AppIcon;
				CODE_SIGN_STYLE = Automatic;
				DEVELOPMENT_TEAM = BJ84Q3WPHT;
				INFOPLIST_FILE = TennisScore/Info.plist;
				LD_RUNPATH_SEARCH_PATHS = (
					"$(inherited)",
					"@executable_path/Frameworks",
				);
				PRODUCT_BUNDLE_IDENTIFIER = com.ab.TennisScore;
				PRODUCT_NAME = "$(TARGET_NAME)";
				SWIFT_VERSION = 4.2;
				TARGETED_DEVICE_FAMILY = 1;
			};
			name = Release;
		};
/* End XCBuildConfiguration section */

/* Begin XCConfigurationList section */
		20577AF121A11015008B59C7 /* Build configuration list for PBXProject "TennisScore" */ = {
			isa = XCConfigurationList;
			buildConfigurations = (
				20577B2321A11018008B59C7 /* Debug */,
				20577B2421A11018008B59C7 /* Release */,
			);
			defaultConfigurationIsVisible = 0;
			defaultConfigurationName = Release;
		};
		20577B2521A11018008B59C7 /* Build configuration list for PBXNativeTarget "TennisScore WatchKit Extension" */ = {
			isa = XCConfigurationList;
			buildConfigurations = (
				20577B2621A11018008B59C7 /* Debug */,
				20577B2721A11018008B59C7 /* Release */,
			);
			defaultConfigurationIsVisible = 0;
			defaultConfigurationName = Release;
		};
		20577B2921A11018008B59C7 /* Build configuration list for PBXNativeTarget "TennisScore WatchKit App" */ = {
			isa = XCConfigurationList;
			buildConfigurations = (
				20577B2A21A11018008B59C7 /* Debug */,
				20577B2B21A11018008B59C7 /* Release */,
			);
			defaultConfigurationIsVisible = 0;
			defaultConfigurationName = Release;
		};
		20577B2D21A11018008B59C7 /* Build configuration list for PBXNativeTarget "TennisScore" */ = {
			isa = XCConfigurationList;
			buildConfigurations = (
				20577B2E21A11018008B59C7 /* Debug */,
				20577B2F21A11018008B59C7 /* Release */,
			);
			defaultConfigurationIsVisible = 0;
			defaultConfigurationName = Release;
		};
/* End XCConfigurationList section */
	};
	rootObject = 20577AEE21A11015008B59C7 /* Project object */;
}
